// !$*UTF8*$!
{
	archiveVersion = 1;
	classes = {
	};
	objectVersion = 46;
	objects = {

/* Begin PBXBuildFile section */
		38733D6A8FD8B05C41E6CBAA /* AppSettings.t.cpp in Sources */ = {isa = PBXBuildFile; fileRef = 23914DF2558A98A4CF69D432 /* AppSettings.t.cpp */; };
		4152EECC51381AFE3DABA50C /* libBloom.dylib in Frameworks */ = {isa = PBXBuildFile; fileRef = 7B8EE8B41D7884A6149F96F4 /* libBloom.dylib */; };
		42F3089C4295EBCE7CEA9EDC /* libUtility.a in Frameworks */ = {isa = PBXBuildFile; fileRef = 3A311B8491968E7643A4A9C4 /* libUtility.a */; };
		B68AC1CC0D182C3EE591400C /* main.cpp in Sources */ = {isa = PBXBuildFile; fileRef = E21F5234E590246666FCC874 /* main.cpp */; };
		F67D88FA8ECA6EACBD116F3A /* libYAML.a in Frameworks */ = {isa = PBXBuildFile; fileRef = 9C779202E0C6377422ED7042 /* libYAML.a */; };
/* End PBXBuildFile section */

/* Begin PBXContainerItemProxy section */
		22A13B0E48C76AC0AFCE614E /* PBXContainerItemProxy */ = {
			isa = PBXContainerItemProxy;
			containerPortal = 4CB87C00EEA217F2E5C92A40 /* ../Vendor/yaml-cpp/YAML.xcodeproj */;
			proxyType = 1;
			remoteGlobalIDString = 632FF08891D6447AEB179EC8;
			remoteInfo = libYAML.a;
		};
		2A65FA34155220265D37E874 /* PBXContainerItemProxy */ = {
			isa = PBXContainerItemProxy;
			containerPortal = 3DA5E945D033B337390C5785 /* ../Bloom/Bloom.xcodeproj */;
			proxyType = 1;
			remoteGlobalIDString = 7D7010819482ABB3849EA6C1;
			remoteInfo = libBloom.dylib;
		};
		38D451368F61BBA867DACF76 /* PBXContainerItemProxy */ = {
			isa = PBXContainerItemProxy;
			containerPortal = 2C45FB132BE8DE45663D9153 /* ../Vendor/Utility/Utility.xcodeproj */;
			proxyType = 2;
			remoteGlobalIDString = 921C292392CF261506B0F763;
			remoteInfo = libUtility.a;
		};
		8B0EC3CFE19C2E41BA15420F /* PBXContainerItemProxy */ = {
			isa = PBXContainerItemProxy;
			containerPortal = 2C45FB132BE8DE45663D9153 /* ../Vendor/Utility/Utility.xcodeproj */;
			proxyType = 1;
			remoteGlobalIDString = 63A1E8A906900F5B95B5EEE9;
			remoteInfo = libUtility.a;
		};
		D066C875F68CF8275D93EEB5 /* PBXContainerItemProxy */ = {
			isa = PBXContainerItemProxy;
			containerPortal = 4CB87C00EEA217F2E5C92A40 /* ../Vendor/yaml-cpp/YAML.xcodeproj */;
			proxyType = 2;
			remoteGlobalIDString = 836B2CE286DBFF140848A322;
			remoteInfo = libYAML.a;
		};
		D82B879BC317AD8D0AFD75DB /* PBXContainerItemProxy */ = {
			isa = PBXContainerItemProxy;
			containerPortal = 3DA5E945D033B337390C5785 /* ../Bloom/Bloom.xcodeproj */;
			proxyType = 2;
			remoteGlobalIDString = E5AF4BFBDF154D6DD2B0AA3B;
			remoteInfo = libBloom.dylib;
		};
/* End PBXContainerItemProxy section */

/* Begin PBXFileReference section */
		23914DF2558A98A4CF69D432 /* AppSettings.t.cpp */ = {isa = PBXFileReference; lastKnownFileType = sourcecode.cpp.cpp; name = AppSettings.t.cpp; path = Tests/AppSettings.t.cpp; sourceTree = "<group>"; };
		2C45FB132BE8DE45663D9153 /* libUtility.a */ = {isa = PBXFileReference; lastKnownFileType = "wrapper.pb-project"; name = "Utility.xcodeproj"; path = ../Vendor/Utility/Utility.xcodeproj; sourceTree = SOURCE_ROOT; };
		3DA5E945D033B337390C5785 /* libBloom.dylib */ = {isa = PBXFileReference; lastKnownFileType = "wrapper.pb-project"; name = "Bloom.xcodeproj"; path = ../Bloom/Bloom.xcodeproj; sourceTree = SOURCE_ROOT; };
		4CB87C00EEA217F2E5C92A40 /* libYAML.a */ = {isa = PBXFileReference; lastKnownFileType = "wrapper.pb-project"; name = "YAML.xcodeproj"; path = "../Vendor/yaml-cpp/YAML.xcodeproj"; sourceTree = SOURCE_ROOT; };
		5C1A7B615F8B4D93E0F7F1A1 /* PoppyTest */ = {isa = PBXFileReference; explicitFileType = "compiled.mach-o.executable"; includeInIndex = 0; name = PoppyTest; path = PoppyTest; sourceTree = BUILT_PRODUCTS_DIR; };
		E21F5234E590246666FCC874 /* main.cpp */ = {isa = PBXFileReference; lastKnownFileType = sourcecode.cpp.cpp; name = main.cpp; path = Tests/main.cpp; sourceTree = "<group>"; };
/* End PBXFileReference section */

/* Begin PBXFrameworksBuildPhase section */
		20BBE851C4077183DED83E91 /* Frameworks */ = {
			isa = PBXFrameworksBuildPhase;
			buildActionMask = 2147483647;
			files = (
				4152EECC51381AFE3DABA50C /* libBloom.dylib in Frameworks */,
				F67D88FA8ECA6EACBD116F3A /* libYAML.a in Frameworks */,
				42F3089C4295EBCE7CEA9EDC /* libUtility.a in Frameworks */,
			);
			runOnlyForDeploymentPostprocessing = 0;
		};
/* End PBXFrameworksBuildPhase section */

/* Begin PBXCopyFilesBuildPhase section */
		152290FDB9752EAFCBAD773D /* Embed Libraries */ = {
			isa = PBXCopyFilesBuildPhase;
			buildActionMask = 2147483647;
			dstPath = "";
			dstSubfolderSpec = 10;
			files = (
			);
			name = "Embed Libraries";
			runOnlyForDeploymentPostprocessing = 0;
		};
/* End PBXCopyFilesBuildPhase section */

/* Begin PBXGroup section */
		1F9948D8A2DEA64ACC262718 /* PoppyTest */ = {
			isa = PBXGroup;
			children = (
				23914DF2558A98A4CF69D432 /* AppSettings.t.cpp */,
				E21F5234E590246666FCC874 /* main.cpp */,
				A6C936B49B3FADE6EA134CF4 /* Products */,
				9D968EAA920D05DCE0E0A4EA /* Projects */,
			);
			name = PoppyTest;
			sourceTree = "<group>";
		};
		8AE38FB6D35473E817F345F6 /* Products */ = {
			isa = PBXGroup;
			children = (
				3A311B8491968E7643A4A9C4 /* libUtility.a */,
			);
			name = Products;
			sourceTree = "<group>";
		};
		9D968EAA920D05DCE0E0A4EA /* Projects */ = {
			isa = PBXGroup;
			children = (
				3DA5E945D033B337390C5785 /* Bloom.xcodeproj */,
				4CB87C00EEA217F2E5C92A40 /* YAML.xcodeproj */,
				2C45FB132BE8DE45663D9153 /* Utility.xcodeproj */,
			);
			name = Projects;
			sourceTree = "<group>";
		};
		A6C936B49B3FADE6EA134CF4 /* Products */ = {
			isa = PBXGroup;
			children = (
				5C1A7B615F8B4D93E0F7F1A1 /* PoppyTest */,
			);
			name = Products;
			sourceTree = "<group>";
		};
		DD4B0D7B03713D2D6A7833BB /* Products */ = {
			isa = PBXGroup;
			children = (
				7B8EE8B41D7884A6149F96F4 /* libBloom.dylib */,
			);
			name = Products;
			sourceTree = "<group>";
		};
		F4549B15EDBA9C87E155F955 /* Products */ = {
			isa = PBXGroup;
			children = (
				9C779202E0C6377422ED7042 /* libYAML.a */,
			);
			name = Products;
			sourceTree = "<group>";
		};
/* End PBXGroup section */

/* Begin PBXNativeTarget section */
		E5DFEB2714863F196DC79967 /* PoppyTest */ = {
			isa = PBXNativeTarget;
			buildConfigurationList = 0EF730B0B242B9E2CD1386F0 /* Build configuration list for PBXNativeTarget "PoppyTest" */;
			buildPhases = (
				90A368F133EEF2234EBFBF31 /* Resources */,
				FA5082489D9C0B7AB86CD888 /* Sources */,
				20BBE851C4077183DED83E91 /* Frameworks */,
				152290FDB9752EAFCBAD773D /* Embed Libraries */,
			);
			buildRules = (
			);
			dependencies = (
				CB034A84F1297A36583070C4 /* PBXTargetDependency */,
				E20CD81EDB72D990CF0E365E /* PBXTargetDependency */,
				789BCCBFC10CB0F105AB82FF /* PBXTargetDependency */,
			);
			name = PoppyTest;
			productInstallPath = "$(HOME)/bin";
			productName = PoppyTest;
			productReference = 5C1A7B615F8B4D93E0F7F1A1 /* PoppyTest */;
			productType = "com.apple.product-type.tool";
		};
/* End PBXNativeTarget section */

/* Begin PBXProject section */
		08FB7793FE84155DC02AAC07 /* Project object */ = {
			isa = PBXProject;
			buildConfigurationList = 1DEB928908733DD80010E9CD /* Build configuration list for PBXProject "PoppyTest" */;
			compatibilityVersion = "Xcode 3.2";
			hasScannedForEncodings = 1;
			mainGroup = 1F9948D8A2DEA64ACC262718 /* PoppyTest */;
			projectDirPath = "";
			projectReferences = (
				{
					ProductGroup = DD4B0D7B03713D2D6A7833BB /* Products */;
					ProjectRef = 3DA5E945D033B337390C5785 /* Bloom.xcodeproj */;
				},
				{
					ProductGroup = F4549B15EDBA9C87E155F955 /* Products */;
					ProjectRef = 4CB87C00EEA217F2E5C92A40 /* YAML.xcodeproj */;
				},
				{
					ProductGroup = 8AE38FB6D35473E817F345F6 /* Products */;
					ProjectRef = 2C45FB132BE8DE45663D9153 /* Utility.xcodeproj */;
				},
			);
			projectRoot = "";
			targets = (
				E5DFEB2714863F196DC79967 /* PoppyTest */,
			);
		};
/* End PBXProject section */

/* Begin PBXReferenceProxy section */
		3A311B8491968E7643A4A9C4 /* libUtility.a */ = {
			isa = PBXReferenceProxy;
			fileType = archive.ar;
			path = libUtility.a;
			remoteRef = 38D451368F61BBA867DACF76 /* PBXContainerItemProxy */;
			sourceTree = BUILT_PRODUCTS_DIR;
		};
		7B8EE8B41D7884A6149F96F4 /* libBloom.dylib */ = {
			isa = PBXReferenceProxy;
			fileType = "compiled.mach-o.dylib";
			path = libBloom.dylib;
			remoteRef = D82B879BC317AD8D0AFD75DB /* PBXContainerItemProxy */;
			sourceTree = BUILT_PRODUCTS_DIR;
		};
		9C779202E0C6377422ED7042 /* libYAML.a */ = {
			isa = PBXReferenceProxy;
			fileType = archive.ar;
			path = libYAML.a;
			remoteRef = D066C875F68CF8275D93EEB5 /* PBXContainerItemProxy */;
			sourceTree = BUILT_PRODUCTS_DIR;
		};
/* End PBXReferenceProxy section */

/* Begin PBXResourcesBuildPhase section */
		90A368F133EEF2234EBFBF31 /* Resources */ = {
			isa = PBXResourcesBuildPhase;
			buildActionMask = 2147483647;
			files = (
			);
			runOnlyForDeploymentPostprocessing = 0;
		};
/* End PBXResourcesBuildPhase section */

/* Begin PBXSourcesBuildPhase section */
		FA5082489D9C0B7AB86CD888 /* Sources */ = {
			isa = PBXSourcesBuildPhase;
			buildActionMask = 2147483647;
			files = (
				38733D6A8FD8B05C41E6CBAA /* AppSettings.t.cpp in Sources */,
				B68AC1CC0D182C3EE591400C /* main.cpp in Sources */,
			);
			runOnlyForDeploymentPostprocessing = 0;
		};
/* End PBXSourcesBuildPhase section */

/* Begin PBXTargetDependency section */
		789BCCBFC10CB0F105AB82FF /* PBXTargetDependency */ = {
			isa = PBXTargetDependency;
			name = libUtility.a;
			targetProxy = 8B0EC3CFE19C2E41BA15420F /* PBXContainerItemProxy */;
		};
		CB034A84F1297A36583070C4 /* PBXTargetDependency */ = {
			isa = PBXTargetDependency;
			name = libBloom.dylib;
			targetProxy = 2A65FA34155220265D37E874 /* PBXContainerItemProxy */;
		};
		E20CD81EDB72D990CF0E365E /* PBXTargetDependency */ = {
			isa = PBXTargetDependency;
			name = libYAML.a;
			targetProxy = 22A13B0E48C76AC0AFCE614E /* PBXContainerItemProxy */;
		};
/* End PBXTargetDependency section */

/* Begin PBXVariantGroup section */
/* End PBXVariantGroup section */

/* Begin XCBuildConfiguration section */
		3636BC6139A78E93BB1432A1 /* Release */ = {
			isa = XCBuildConfiguration;
			buildSettings = {
				ARCHS = "$(NATIVE_ARCH_ACTUAL)";
				CLANG_CXX_LANGUAGE_STANDARD = "c++2a";
				CONFIGURATION_BUILD_DIR = "$(SYMROOT)";
				CONFIGURATION_TEMP_DIR = "$(OBJROOT)";
				GCC_OPTIMIZATION_LEVEL = 3;
				GCC_PREPROCESSOR_DEFINITIONS = (
					NDEBUG,
				);
				GCC_SYMBOLS_PRIVATE_EXTERN = NO;
				GCC_WARN_ABOUT_RETURN_TYPE = YES;
				GCC_WARN_UNUSED_VARIABLE = YES;
				LD_RUNPATH_SEARCH_PATHS = (
					"@loader_path/.",
				);
				OBJROOT = ../Build/Obj/Release/Release/PoppyTest;
				ONLY_ACTIVE_ARCH = NO;
				SYMROOT = ../Build/Bin/Release;
				SYSTEM_HEADER_SEARCH_PATHS = (
					../Vendor,
					../Vendor/Utility,
					"$(inherited)",
				);
				USER_HEADER_SEARCH_PATHS = (
					src,
				);
			};
			name = Release;
		};
		A8C61DF0D100D6A2B89C6430 /* Release */ = {
			isa = XCBuildConfiguration;
			buildSettings = {
				ALWAYS_SEARCH_USER_PATHS = NO;
				CONFIGURATION_BUILD_DIR = ../Build/Bin/Release;
				DEBUG_INFORMATION_FORMAT = "dwarf-with-dsym";
				GCC_DYNAMIC_NO_PIC = NO;
				INSTALL_PATH = /usr/local/bin;
				MACOSX_DEPLOYMENT_TARGET = 12.2;
				PRODUCT_NAME = PoppyTest;
			};
			name = Release;
		};
		C0E11B43D7F3B675C80FB183 /* Development */ = {
			isa = XCBuildConfiguration;
			buildSettings = {
				ARCHS = "$(NATIVE_ARCH_ACTUAL)";
				CLANG_CXX_LANGUAGE_STANDARD = "c++2a";
				CONFIGURATION_BUILD_DIR = "$(SYMROOT)";
				CONFIGURATION_TEMP_DIR = "$(OBJROOT)";
				GCC_OPTIMIZATION_LEVEL = 3;
				GCC_PREPROCESSOR_DEFINITIONS = (
					NDEBUG,
				);
				GCC_SYMBOLS_PRIVATE_EXTERN = NO;
				GCC_WARN_ABOUT_RETURN_TYPE = YES;
				GCC_WARN_UNUSED_VARIABLE = YES;
				LD_RUNPATH_SEARCH_PATHS = (
					"@loader_path/.",
				);
				OBJROOT = ../Build/Obj/Development/Development/PoppyTest;
				ONLY_ACTIVE_ARCH = (
					YES,
				);
				SYMROOT = ../Build/Bin/Development;
				SYSTEM_HEADER_SEARCH_PATHS = (
					../Vendor,
					../Vendor/Utility,
					"$(inherited)",
				);
				USER_HEADER_SEARCH_PATHS = (
					src,
				);
			};
			name = Development;
		};
		D4922C6778E4CA198B1D12A7 /* Debug */ = {
			isa = XCBuildConfiguration;
			buildSettings = {
				ARCHS = "$(NATIVE_ARCH_ACTUAL)";
				CLANG_CXX_LANGUAGE_STANDARD = "c++2a";
				CONFIGURATION_BUILD_DIR = "$(SYMROOT)";
				CONFIGURATION_TEMP_DIR = "$(OBJROOT)";
				COPY_PHASE_STRIP = NO;
				GCC_ENABLE_FIX_AND_CONTINUE = YES;
				GCC_OPTIMIZATION_LEVEL = 0;
				GCC_SYMBOLS_PRIVATE_EXTERN = NO;
				GCC_WARN_ABOUT_RETURN_TYPE = YES;
				GCC_WARN_UNUSED_VARIABLE = YES;
				LD_RUNPATH_SEARCH_PATHS = (
					"@loader_path/.",
				);
				OBJROOT = ../Build/Obj/Debug/Debug/PoppyTest;
				ONLY_ACTIVE_ARCH = (
					YES,
				);
				SYMROOT = ../Build/Bin/Debug;
				SYSTEM_HEADER_SEARCH_PATHS = (
					../Vendor,
					../Vendor/Utility,
					"$(inherited)",
				);
				USER_HEADER_SEARCH_PATHS = (
					src,
				);
			};
			name = Debug;
		};
		D655FF5299C1C104D8656592 /* Development */ = {
			isa = XCBuildConfiguration;
			buildSettings = {
				ALWAYS_SEARCH_USER_PATHS = NO;
				CONFIGURATION_BUILD_DIR = ../Build/Bin/Development;
				DEBUG_INFORMATION_FORMAT = "dwarf-with-dsym";
				GCC_DYNAMIC_NO_PIC = NO;
				INSTALL_PATH = /usr/local/bin;
				MACOSX_DEPLOYMENT_TARGET = 12.2;
				ONLY_ACTIVE_ARCH = (
					YES,
				);
				PRODUCT_NAME = PoppyTest;
			};
			name = Development;
		};
		E459CD762CCAB1A8716983B6 /* Debug */ = {
			isa = XCBuildConfiguration;
			buildSettings = {
				ALWAYS_SEARCH_USER_PATHS = NO;
				CONFIGURATION_BUILD_DIR = ../Build/Bin/Debug;
				DEBUG_INFORMATION_FORMAT = "dwarf-with-dsym";
				GCC_DYNAMIC_NO_PIC = NO;
				INSTALL_PATH = /usr/local/bin;
				MACOSX_DEPLOYMENT_TARGET = 12.2;
				ONLY_ACTIVE_ARCH = (
					YES,
				);
				PRODUCT_NAME = PoppyTest;
			};
			name = Debug;
		};
/* End XCBuildConfiguration section */

/* Begin XCConfigurationList section */
		0EF730B0B242B9E2CD1386F0 /* Build configuration list for PBXNativeTarget "PoppyTest" */ = {
			isa = XCConfigurationList;
			buildConfigurations = (
				E459CD762CCAB1A8716983B6 /* Debug */,
				D655FF5299C1C104D8656592 /* Development */,
				A8C61DF0D100D6A2B89C6430 /* Release */,
			);
			defaultConfigurationIsVisible = 0;
			defaultConfigurationName = Debug;
		};
		1DEB928908733DD80010E9CD /* Build configuration list for PBXProject "PoppyTest" */ = {
			isa = XCConfigurationList;
			buildConfigurations = (
				D4922C6778E4CA198B1D12A7 /* Debug */,
				C0E11B43D7F3B675C80FB183 /* Development */,
				3636BC6139A78E93BB1432A1 /* Release */,
			);
			defaultConfigurationIsVisible = 0;
			defaultConfigurationName = Debug;
		};
/* End XCConfigurationList section */
};
rootObject = 08FB7793FE84155DC02AAC07 /* Project object */;
}