// !$*UTF8*$!
{
	archiveVersion = 1;
	classes = {
	};
	objectVersion = 46;
	objects = {

/* Begin PBXBuildFile section */
		4152EECC51381AFE3DABA50C /* libBloom.dylib in Frameworks */ = {isa = PBXBuildFile; fileRef = 7B8EE8B41D7884A6149F96F4 /* libBloom.dylib */; };
		42F3089C4295EBCE7CEA9EDC /* libUtility.a in Frameworks */ = {isa = PBXBuildFile; fileRef = 3A311B8491968E7643A4A9C4 /* libUtility.a */; };
		75C76760A6AB5F52B9C395A0 /* Sandbox.cpp in Sources */ = {isa = PBXBuildFile; fileRef = BBA5A788E1CBD73A48D2CDC8 /* Sandbox.cpp */; };
/* End PBXBuildFile section */

/* Begin PBXContainerItemProxy section */
		2A65FA34155220265D37E874 /* PBXContainerItemProxy */ = {
			isa = PBXContainerItemProxy;
			containerPortal = 3DA5E945D033B337390C5785 /* ../Bloom/Bloom.xcodeproj */;
			proxyType = 1;
			remoteGlobalIDString = 7D7010819482ABB3849EA6C1;
			remoteInfo = libBloom.dylib;
		};
		38D451368F61BBA867DACF76 /* PBXContainerItemProxy */ = {
			isa = PBXContainerItemProxy;
			containerPortal = 2C45FB132BE8DE45663D9153 /* ../Vendor/Utility/Utility.xcodeproj */;
			proxyType = 2;
			remoteGlobalIDString = 921C292392CF261506B0F763;
			remoteInfo = libUtility.a;
		};
		8B0EC3CFE19C2E41BA15420F /* PBXContainerItemProxy */ = {
			isa = PBXContainerItemProxy;
			containerPortal = 2C45FB132BE8DE45663D9153 /* ../Vendor/Utility/Utility.xcodeproj */;
			proxyType = 1;
			remoteGlobalIDString = 63A1E8A906900F5B95B5EEE9;
			remoteInfo = libUtility.a;
		};
		D82B879BC317AD8D0AFD75DB /* PBXContainerItemProxy */ = {
			isa = PBXContainerItemProxy;
			containerPortal = 3DA5E945D033B337390C5785 /* ../Bloom/Bloom.xcodeproj */;
			proxyType = 2;
			remoteGlobalIDString = E5AF4BFBDF154D6DD2B0AA3B;
			remoteInfo = libBloom.dylib;
		};
/* End PBXContainerItemProxy section */

/* Begin PBXFileReference section */
		2C45FB132BE8DE45663D9153 /* libUtility.a */ = {isa = PBXFileReference; lastKnownFileType = "wrapper.pb-project"; name = "Utility.xcodeproj"; path = ../Vendor/Utility/Utility.xcodeproj; sourceTree = SOURCE_ROOT; };
		3DA5E945D033B337390C5785 /* libBloom.dylib */ = {isa = PBXFileReference; lastKnownFileType = "wrapper.pb-project"; name = "Bloom.xcodeproj"; path = ../Bloom/Bloom.xcodeproj; sourceTree = SOURCE_ROOT; };
		79E64C72A00C7C24071372B2 /* Sandbox.hpp */ = {isa = PBXFileReference; lastKnownFileType = text; name = Sandbox.hpp; path = src/Sandbox/Sandbox.hpp; sourceTree = "<group>"; };
		8F7714F17A633AE3C2490331 /* libSandbox.dylib */ = {isa = PBXFileReference; explicitFileType = "compiled.mach-o.dylib"; includeInIndex = 0; name = libSandbox.dylib; path = libSandbox.dylib; sourceTree = BUILT_PRODUCTS_DIR; };
		BBA5A788E1CBD73A48D2CDC8 /* Sandbox.cpp */ = {isa = PBXFileReference; lastKnownFileType = sourcecode.cpp.cpp; name = Sandbox.cpp; path = src/Sandbox/Sandbox.cpp; sourceTree = "<group>"; };
/* End PBXFileReference section */

/* Begin PBXFrameworksBuildPhase section */
		092A39E109DD36D37DBF0821 /* Frameworks */ = {
			isa = PBXFrameworksBuildPhase;
			buildActionMask = 2147483647;
			files = (
				4152EECC51381AFE3DABA50C /* libBloom.dylib in Frameworks */,
				42F3089C4295EBCE7CEA9EDC /* libUtility.a in Frameworks */,
			);
			runOnlyForDeploymentPostprocessing = 0;
		};
/* End PBXFrameworksBuildPhase section */

/* Begin PBXCopyFilesBuildPhase section */
		D26B868DCBD187FFBF6CE4CD /* Embed Libraries */ = {
			isa = PBXCopyFilesBuildPhase;
			buildActionMask = 2147483647;
			dstPath = "";
			dstSubfolderSpec = 10;
			files = (
			);
			name = "Embed Libraries";
			runOnlyForDeploymentPostprocessing = 0;
		};
/* End PBXCopyFilesBuildPhase section */

/* Begin PBXGroup section */
		6849586FFB54B1614389A6AF /* Sandbox */ = {
			isa = PBXGroup;
			children = (
				BBA5A788E1CBD73A48D2CDC8 /* Sandbox.cpp */,
				79E64C72A00C7C24071372B2 /* Sandbox.hpp */,
				A6C936B49B3FADE6EA134CF4 /* Products */,
				9D968EAA920D05DCE0E0A4EA /* Projects */,
			);
			name = Sandbox;
			sourceTree = "<group>";
		};
		8AE38FB6D35473E817F345F6 /* Products */ = {
			isa = PBXGroup;
			children = (
				3A311B8491968E7643A4A9C4 /* libUtility.a */,
			);
			name = Products;
			sourceTree = "<group>";
		};
		9D968EAA920D05DCE0E0A4EA /* Projects */ = {
			isa = PBXGroup;
			children = (
				3DA5E945D033B337390C5785 /* Bloom.xcodeproj */,
				2C45FB132BE8DE45663D9153 /* Utility.xcodeproj */,
			);
			name = Projects;
			sourceTree = "<group>";
		};
		A6C936B49B3FADE6EA134CF4 /* Products */ = {
			isa = PBXGroup;
			children = (
				8F7714F17A633AE3C2490331 /* libSandbox.dylib */,
			);
			name = Products;
			sourceTree = "<group>";
		};
		DD4B0D7B03713D2D6A7833BB /* Products */ = {
			isa = PBXGroup;
			children = (
				7B8EE8B41D7884A6149F96F4 /* libBloom.dylib */,
			);
			name = Products;
			sourceTree = "<group>";
		};
/* End PBXGroup section */

/* Begin PBXNativeTarget section */
		4C4792B7726DC269D974B8F7 /* Sandbox */ = {
			isa = PBXNativeTarget;
			buildConfigurationList = F7658240F8187F326BFA5080 /* Build configuration list for PBXNativeTarget "Sandbox" */;
			buildPhases = (
				7911BA8179C4B773EDA688C1 /* Resources */,
				E2BED3D8E371D0CA5753A218 /* Sources */,
				092A39E109DD36D37DBF0821 /* Frameworks */,
				D26B868DCBD187FFBF6CE4CD /* Embed Libraries */,
			);
			buildRules = (
			);
			dependencies = (
				CB034A84F1297A36583070C4 /* PBXTargetDependency */,
				789BCCBFC10CB0F105AB82FF /* PBXTargetDependency */,
			);
			name = Sandbox;
			productName = Sandbox;
			productReference = 8F7714F17A633AE3C2490331 /* libSandbox.dylib */;
			productType = "com.apple.product-type.library.dynamic";
		};
/* End PBXNativeTarget section */

/* Begin PBXProject section */
		08FB7793FE84155DC02AAC07 /* Project object */ = {
			isa = PBXProject;
			buildConfigurationList = 1DEB928908733DD80010E9CD /* Build configuration list for PBXProject "Sandbox" */;
			compatibilityVersion = "Xcode 3.2";
			hasScannedForEncodings = 1;
			mainGroup = 6849586FFB54B1614389A6AF /* Sandbox */;
			projectDirPath = "";
			projectReferences = (
				{
					ProductGroup = DD4B0D7B03713D2D6A7833BB /* Products */;
					ProjectRef = 3DA5E945D033B337390C5785 /* Bloom.xcodeproj */;
				},
				{
					ProductGroup = 8AE38FB6D35473E817F345F6 /* Products */;
					ProjectRef = 2C45FB132BE8DE45663D9153 /* Utility.xcodeproj */;
				},
			);
			projectRoot = "";
			targets = (
				4C4792B7726DC269D974B8F7 /* libSandbox.dylib */,
			);
		};
/* End PBXProject section */

/* Begin PBXReferenceProxy section */
		3A311B8491968E7643A4A9C4 /* libUtility.a */ = {
			isa = PBXReferenceProxy;
			fileType = archive.ar;
			path = libUtility.a;
			remoteRef = 38D451368F61BBA867DACF76 /* PBXContainerItemProxy */;
			sourceTree = BUILT_PRODUCTS_DIR;
		};
		7B8EE8B41D7884A6149F96F4 /* libBloom.dylib */ = {
			isa = PBXReferenceProxy;
			fileType = "compiled.mach-o.dylib";
			path = libBloom.dylib;
			remoteRef = D82B879BC317AD8D0AFD75DB /* PBXContainerItemProxy */;
			sourceTree = BUILT_PRODUCTS_DIR;
		};
/* End PBXReferenceProxy section */

/* Begin PBXResourcesBuildPhase section */
		7911BA8179C4B773EDA688C1 /* Resources */ = {
			isa = PBXResourcesBuildPhase;
			buildActionMask = 2147483647;
			files = (
			);
			runOnlyForDeploymentPostprocessing = 0;
		};
/* End PBXResourcesBuildPhase section */

/* Begin PBXSourcesBuildPhase section */
		E2BED3D8E371D0CA5753A218 /* Sources */ = {
			isa = PBXSourcesBuildPhase;
			buildActionMask = 2147483647;
			files = (
				75C76760A6AB5F52B9C395A0 /* Sandbox.cpp in Sources */,
			);
			runOnlyForDeploymentPostprocessing = 0;
		};
/* End PBXSourcesBuildPhase section */

/* Begin PBXTargetDependency section */
		789BCCBFC10CB0F105AB82FF /* PBXTargetDependency */ = {
			isa = PBXTargetDependency;
			name = libUtility.a;
			targetProxy = 8B0EC3CFE19C2E41BA15420F /* PBXContainerItemProxy */;
		};
		CB034A84F1297A36583070C4 /* PBXTargetDependency */ = {
			isa = PBXTargetDependency;
			name = libBloom.dylib;
			targetProxy = 2A65FA34155220265D37E874 /* PBXContainerItemProxy */;
		};
/* End PBXTargetDependency section */

/* Begin PBXVariantGroup section */
/* End PBXVariantGroup section */

/* Begin XCBuildConfiguration section */
		2B9BEB80255DA7F25F5CA9C0 /* Release */ = {
			isa = XCBuildConfiguration;
			buildSettings = {
				ALWAYS_SEARCH_USER_PATHS = NO;
				CONFIGURATION_BUILD_DIR = ../Build/Bin/Release;
				DEBUG_INFORMATION_FORMAT = "dwarf-with-dsym";
				EXECUTABLE_PREFIX = lib;
				GCC_DYNAMIC_NO_PIC = NO;
				INSTALL_PATH = /usr/local/lib;
				MACOSX_DEPLOYMENT_TARGET = 12.2;
				PRODUCT_NAME = Sandbox;
			};
			name = Release;
		};
		437814E287C6BA54C9EDF322 /* Development */ = {
			isa = XCBuildConfiguration;
			buildSettings = {
				ALWAYS_SEARCH_USER_PATHS = NO;
				CONFIGURATION_BUILD_DIR = ../Build/Bin/Development;
				DEBUG_INFORMATION_FORMAT = "dwarf-with-dsym";
				EXECUTABLE_PREFIX = lib;
				GCC_DYNAMIC_NO_PIC = NO;
				INSTALL_PATH = /usr/local/lib;
				MACOSX_DEPLOYMENT_TARGET = 12.2;
				ONLY_ACTIVE_ARCH = (
					YES,
				);
				PRODUCT_NAME = Sandbox;
			};
			name = Development;
		};
		6422A1FA0710C8AC9636A83A /* Development */ = {
			isa = XCBuildConfiguration;
			buildSettings = {
				ARCHS = "$(NATIVE_ARCH_ACTUAL)";
				CLANG_CXX_LANGUAGE_STANDARD = "c++2a";
				CONFIGURATION_BUILD_DIR = "$(SYMROOT)";
				CONFIGURATION_TEMP_DIR = "$(OBJROOT)";
				GCC_OPTIMIZATION_LEVEL = 3;
				GCC_PREPROCESSOR_DEFINITIONS = (
					NDEBUG,
				);
				GCC_SYMBOLS_PRIVATE_EXTERN = NO;
				GCC_WARN_ABOUT_RETURN_TYPE = YES;
				GCC_WARN_UNUSED_VARIABLE = YES;
				LD_RUNPATH_SEARCH_PATHS = (
					"@loader_path/.",
				);
				OBJROOT = ../Build/Obj/Development/Development/Sandbox;
				ONLY_ACTIVE_ARCH = (
					YES,
				);
				SYMROOT = ../Build/Bin/Development;
				SYSTEM_HEADER_SEARCH_PATHS = (
					../Vendor,
					../Vendor/Utility,
					../Bloom/include,
					../Bloom/src,
					"$(inherited)",
				);
			};
			name = Development;
		};
		993EF706CA22EEF8DD3B2546 /* Debug */ = {
			isa = XCBuildConfiguration;
			buildSettings = {
				ALWAYS_SEARCH_USER_PATHS = NO;
				CONFIGURATION_BUILD_DIR = ../Build/Bin/Debug;
				DEBUG_INFORMATION_FORMAT = "dwarf-with-dsym";
				EXECUTABLE_PREFIX = lib;
				GCC_DYNAMIC_NO_PIC = NO;
				INSTALL_PATH = /usr/local/lib;
				MACOSX_DEPLOYMENT_TARGET = 12.2;
				ONLY_ACTIVE_ARCH = (
					YES,
				);
				PRODUCT_NAME = Sandbox;
			};
			name = Debug;
		};
		D2EB7F98773E1D4A897665D8 /* Release */ = {
			isa = XCBuildConfiguration;
			buildSettings = {
				ARCHS = "$(NATIVE_ARCH_ACTUAL)";
				CLANG_CXX_LANGUAGE_STANDARD = "c++2a";
				CONFIGURATION_BUILD_DIR = "$(SYMROOT)";
				CONFIGURATION_TEMP_DIR = "$(OBJROOT)";
				GCC_OPTIMIZATION_LEVEL = 3;
				GCC_PREPROCESSOR_DEFINITIONS = (
					NDEBUG,
				);
				GCC_SYMBOLS_PRIVATE_EXTERN = NO;
				GCC_WARN_ABOUT_RETURN_TYPE = YES;
				GCC_WARN_UNUSED_VARIABLE = YES;
				LD_RUNPATH_SEARCH_PATHS = (
					"@loader_path/.",
				);
				OBJROOT = ../Build/Obj/Release/Release/Sandbox;
				ONLY_ACTIVE_ARCH = NO;
				SYMROOT = ../Build/Bin/Release;
				SYSTEM_HEADER_SEARCH_PATHS = (
					../Vendor,
					../Vendor/Utility,
					../Bloom/include,
					../Bloom/src,
					"$(inherited)",
				);
			};
			name = Release;
		};
		E3FEB5DE874A3F10A21B0C1E /* Debug */ = {
			isa = XCBuildConfiguration;
			buildSettings = {
				ARCHS = "$(NATIVE_ARCH_ACTUAL)";
				CLANG_CXX_LANGUAGE_STANDARD = "c++2a";
				CONFIGURATION_BUILD_DIR = "$(SYMROOT)";
				CONFIGURATION_TEMP_DIR = "$(OBJROOT)";
				COPY_PHASE_STRIP = NO;
				GCC_ENABLE_FIX_AND_CONTINUE = YES;
				GCC_OPTIMIZATION_LEVEL = 0;
				GCC_SYMBOLS_PRIVATE_EXTERN = NO;
				GCC_WARN_ABOUT_RETURN_TYPE = YES;
				GCC_WARN_UNUSED_VARIABLE = YES;
				LD_RUNPATH_SEARCH_PATHS = (
					"@loader_path/.",
				);
				OBJROOT = ../Build/Obj/Debug/Debug/Sandbox;
				ONLY_ACTIVE_ARCH = (
					YES,
				);
				SYMROOT = ../Build/Bin/Debug;
				SYSTEM_HEADER_SEARCH_PATHS = (
					../Vendor,
					../Vendor/Utility,
					../Bloom/include,
					../Bloom/src,
					"$(inherited)",
				);
			};
			name = Debug;
		};
/* End XCBuildConfiguration section */

/* Begin XCConfigurationList section */
		1DEB928908733DD80010E9CD /* Build configuration list for PBXProject "Sandbox" */ = {
			isa = XCConfigurationList;
			buildConfigurations = (
				E3FEB5DE874A3F10A21B0C1E /* Debug */,
				6422A1FA0710C8AC9636A83A /* Development */,
				D2EB7F98773E1D4A897665D8 /* Release */,
			);
			defaultConfigurationIsVisible = 0;
			defaultConfigurationName = Debug;
		};
		F7658240F8187F326BFA5080 /* Build configuration list for PBXNativeTarget "libSandbox.dylib" */ = {
			isa = XCConfigurationList;
			buildConfigurations = (
				993EF706CA22EEF8DD3B2546 /* Debug */,
				437814E287C6BA54C9EDF322 /* Development */,
				2B9BEB80255DA7F25F5CA9C0 /* Release */,
			);
			defaultConfigurationIsVisible = 0;
			defaultConfigurationName = Debug;
		};
/* End XCConfigurationList section */
};
rootObject = 08FB7793FE84155DC02AAC07 /* Project object */;
}